
Microsoft Visual Studio Solution File, Format Version 12.00
# Visual Studio Version 17
VisualStudioVersion = 17.11.35327.3
MinimumVisualStudioVersion = 10.0.40219.1
Project("{9A19103F-16F7-4668-BE54-9A1E7A4F7556}") = "BupaTest", "BupaTest.csproj", "{C0811548-0E54-4BE1-A502-65386D113A32}"
EndProject
Project("{9A19103F-16F7-4668-BE54-9A1E7A4F7556}") = "BupaTest.test", "..\BupaTest.test\BupaTest.test.csproj", "{68343B5D-E8E5-431B-8D16-96CB8B26E012}"
EndProject
Global
	GlobalSection(SolutionConfigurationPlatforms) = preSolution
		Debug|Any CPU = Debug|Any CPU
		Release|Any CPU = Release|Any CPU
	EndGlobalSection
	GlobalSection(ProjectConfigurationPlatforms) = postSolution
		{C0811548-0E54-4BE1-A502-65386D113A32}.Debug|Any CPU.ActiveCfg = Debug|Any CPU
		{C0811548-0E54-4BE1-A502-65386D113A32}.Debug|Any CPU.Build.0 = Debug|Any CPU
		{C0811548-0E54-4BE1-A502-65386D113A32}.Release|Any CPU.ActiveCfg = Release|Any CPU
		{C0811548-0E54-4BE1-A502-65386D113A32}.Release|Any CPU.Build.0 = Release|Any CPU
		{68343B5D-E8E5-431B-8D16-96CB8B26E012}.Debug|Any CPU.ActiveCfg = Debug|Any CPU
		{68343B5D-E8E5-431B-8D16-96CB8B26E012}.Debug|Any CPU.Build.0 = Debug|Any CPU
		{68343B5D-E8E5-431B-8D16-96CB8B26E012}.Release|Any CPU.ActiveCfg = Release|Any CPU
		{68343B5D-E8E5-431B-8D16-96CB8B26E012}.Release|Any CPU.Build.0 = Release|Any CPU
	EndGlobalSection
	GlobalSection(SolutionProperties) = preSolution
		HideSolutionNode = FALSE
	EndGlobalSection
	GlobalSection(ExtensibilityGlobals) = postSolution
		SolutionGuid = {80C18874-0D01-42C3-A710-BAED33249168}
	EndGlobalSection
EndGlobal
